
Microsoft Visual Studio Solution File, Format Version 12.00
# Visual Studio Version 17
VisualStudioVersion = 17.14.36518.9 d17.14
MinimumVisualStudioVersion = 10.0.40219.1
Project("{FAE04EC0-301F-11D3-BF4B-00C04F79EFBC}") = "Rooster", "Rooster.csproj", "{4A292850-2E24-4B7C-8212-D07E59D65E87}"
EndProject
Global
	GlobalSection(SolutionConfigurationPlatforms) = preSolution
		Debug|Any CPU = Debug|Any CPU
		Release|Any CPU = Release|Any CPU
	EndGlobalSection
	GlobalSection(ProjectConfigurationPlatforms) = postSolution
		{4A292850-2E24-4B7C-8212-D07E59D65E87}.Debug|Any CPU.ActiveCfg = Debug|Any CPU
		{4A292850-2E24-4B7C-8212-D07E59D65E87}.Debug|Any CPU.Build.0 = Debug|Any CPU
		{4A292850-2E24-4B7C-8212-D07E59D65E87}.Release|Any CPU.ActiveCfg = Release|Any CPU
		{4A292850-2E24-4B7C-8212-D07E59D65E87}.Release|Any CPU.Build.0 = Release|Any CPU
	EndGlobalSection
	GlobalSection(SolutionProperties) = preSolution
		HideSolutionNode = FALSE
	EndGlobalSection
	GlobalSection(ExtensibilityGlobals) = postSolution
		SolutionGuid = {7A1B117A-8791-4478-9027-3B6DD18D9CA2}
	EndGlobalSection
EndGlobal
